// !$*UTF8*$!
{
	archiveVersion = 1;
	classes = {
	};
	objectVersion = 56;
	objects = {

/* Begin PBXBuildFile section */
		1A5CBF942C4CDC5C0073BA02 /* CreditWalletApp.swift in Sources */ = {isa = PBXBuildFile; fileRef = 1A5CBF932C4CDC5C0073BA02 /* CreditWalletApp.swift */; };
		1A5CBF962C4CDC5C0073BA02 /* ContentView.swift in Sources */ = {isa = PBXBuildFile; fileRef = 1A5CBF952C4CDC5C0073BA02 /* ContentView.swift */; };
		1A5CBF9A2C4CDC5D0073BA02 /* Assets.xcassets in Resources */ = {isa = PBXBuildFile; fileRef = 1A5CBF992C4CDC5D0073BA02 /* Assets.xcassets */; };
		1A5CBF9D2C4CDC5D0073BA02 /* Preview Assets.xcassets in Resources */ = {isa = PBXBuildFile; fileRef = 1A5CBF9C2C4CDC5D0073BA02 /* Preview Assets.xcassets */; };
		1A5CBFA72C4CDD840073BA02 /* Person.swift in Sources */ = {isa = PBXBuildFile; fileRef = 1A5CBFA62C4CDD840073BA02 /* Person.swift */; };
		1A5CBFA92C4CDD8F0073BA02 /* Credit.swift in Sources */ = {isa = PBXBuildFile; fileRef = 1A5CBFA82C4CDD8F0073BA02 /* Credit.swift */; };
		1A5CBFB02C4CEF150073BA02 /* MainView.swift in Sources */ = {isa = PBXBuildFile; fileRef = 1A5CBFAF2C4CEF150073BA02 /* MainView.swift */; };
		1A5CBFB32C4E4E490073BA02 /* Font +.swift in Sources */ = {isa = PBXBuildFile; fileRef = 1A5CBFB22C4E4E490073BA02 /* Font +.swift */; };
		1A5CBFB52C4E86A40073BA02 /* Router.swift in Sources */ = {isa = PBXBuildFile; fileRef = 1A5CBFB42C4E86A40073BA02 /* Router.swift */; };
		1A5CBFB72C4E879E0073BA02 /* CreditView.swift in Sources */ = {isa = PBXBuildFile; fileRef = 1A5CBFB62C4E879E0073BA02 /* CreditView.swift */; };
		1A5CBFB92C4E87B00073BA02 /* CalculateCreditView.swift in Sources */ = {isa = PBXBuildFile; fileRef = 1A5CBFB82C4E87B00073BA02 /* CalculateCreditView.swift */; };
		1A5CBFBC2C4F92660073BA02 /* View +.swift in Sources */ = {isa = PBXBuildFile; fileRef = 1A5CBFBB2C4F92660073BA02 /* View +.swift */; };
		1A5CBFBE2C4F942D0073BA02 /* CustomButtonView.swift in Sources */ = {isa = PBXBuildFile; fileRef = 1A5CBFBD2C4F942D0073BA02 /* CustomButtonView.swift */; };
		1A5CBFC02C50F81B0073BA02 /* MockData.swift in Sources */ = {isa = PBXBuildFile; fileRef = 1A5CBFBF2C50F81B0073BA02 /* MockData.swift */; };
		1A5CBFC22C50FD160073BA02 /* CustomListView.swift in Sources */ = {isa = PBXBuildFile; fileRef = 1A5CBFC12C50FD160073BA02 /* CustomListView.swift */; };
/* End PBXBuildFile section */

/* Begin PBXFileReference section */
		1A5CBF902C4CDC5C0073BA02 /* CreditWallet.app */ = {isa = PBXFileReference; explicitFileType = wrapper.application; includeInIndex = 0; path = CreditWallet.app; sourceTree = BUILT_PRODUCTS_DIR; };
		1A5CBF932C4CDC5C0073BA02 /* CreditWalletApp.swift */ = {isa = PBXFileReference; lastKnownFileType = sourcecode.swift; path = CreditWalletApp.swift; sourceTree = "<group>"; };
		1A5CBF952C4CDC5C0073BA02 /* ContentView.swift */ = {isa = PBXFileReference; lastKnownFileType = sourcecode.swift; path = ContentView.swift; sourceTree = "<group>"; };
		1A5CBF992C4CDC5D0073BA02 /* Assets.xcassets */ = {isa = PBXFileReference; lastKnownFileType = folder.assetcatalog; path = Assets.xcassets; sourceTree = "<group>"; };
		1A5CBF9C2C4CDC5D0073BA02 /* Preview Assets.xcassets */ = {isa = PBXFileReference; lastKnownFileType = folder.assetcatalog; path = "Preview Assets.xcassets"; sourceTree = "<group>"; };
		1A5CBFA62C4CDD840073BA02 /* Person.swift */ = {isa = PBXFileReference; lastKnownFileType = sourcecode.swift; path = Person.swift; sourceTree = "<group>"; };
		1A5CBFA82C4CDD8F0073BA02 /* Credit.swift */ = {isa = PBXFileReference; lastKnownFileType = sourcecode.swift; path = Credit.swift; sourceTree = "<group>"; };
		1A5CBFAF2C4CEF150073BA02 /* MainView.swift */ = {isa = PBXFileReference; lastKnownFileType = sourcecode.swift; path = MainView.swift; sourceTree = "<group>"; };
		1A5CBFB22C4E4E490073BA02 /* Font +.swift */ = {isa = PBXFileReference; lastKnownFileType = sourcecode.swift; path = "Font +.swift"; sourceTree = "<group>"; };
		1A5CBFB42C4E86A40073BA02 /* Router.swift */ = {isa = PBXFileReference; lastKnownFileType = sourcecode.swift; path = Router.swift; sourceTree = "<group>"; };
		1A5CBFB62C4E879E0073BA02 /* CreditView.swift */ = {isa = PBXFileReference; lastKnownFileType = sourcecode.swift; path = CreditView.swift; sourceTree = "<group>"; };
		1A5CBFB82C4E87B00073BA02 /* CalculateCreditView.swift */ = {isa = PBXFileReference; lastKnownFileType = sourcecode.swift; path = CalculateCreditView.swift; sourceTree = "<group>"; };
		1A5CBFBB2C4F92660073BA02 /* View +.swift */ = {isa = PBXFileReference; lastKnownFileType = sourcecode.swift; path = "View +.swift"; sourceTree = "<group>"; };
		1A5CBFBD2C4F942D0073BA02 /* CustomButtonView.swift */ = {isa = PBXFileReference; lastKnownFileType = sourcecode.swift; path = CustomButtonView.swift; sourceTree = "<group>"; };
		1A5CBFBF2C50F81B0073BA02 /* MockData.swift */ = {isa = PBXFileReference; lastKnownFileType = sourcecode.swift; path = MockData.swift; sourceTree = "<group>"; };
		1A5CBFC12C50FD160073BA02 /* CustomListView.swift */ = {isa = PBXFileReference; lastKnownFileType = sourcecode.swift; path = CustomListView.swift; sourceTree = "<group>"; };
/* End PBXFileReference section */

/* Begin PBXFrameworksBuildPhase section */
		1A5CBF8D2C4CDC5C0073BA02 /* Frameworks */ = {
			isa = PBXFrameworksBuildPhase;
			buildActionMask = 2147483647;
			files = (
			);
			runOnlyForDeploymentPostprocessing = 0;
		};
/* End PBXFrameworksBuildPhase section */

/* Begin PBXGroup section */
		1A5CBF872C4CDC5C0073BA02 = {
			isa = PBXGroup;
			children = (
				1A5CBF922C4CDC5C0073BA02 /* CreditWallet */,
				1A5CBF912C4CDC5C0073BA02 /* Products */,
			);
			sourceTree = "<group>";
		};
		1A5CBF912C4CDC5C0073BA02 /* Products */ = {
			isa = PBXGroup;
			children = (
				1A5CBF902C4CDC5C0073BA02 /* CreditWallet.app */,
			);
			name = Products;
			sourceTree = "<group>";
		};
		1A5CBF922C4CDC5C0073BA02 /* CreditWallet */ = {
			isa = PBXGroup;
			children = (
				1A5CBF932C4CDC5C0073BA02 /* CreditWalletApp.swift */,
				1A5CBFB12C4E4E3A0073BA02 /* Extensions */,
				1A5CBFAC2C4CE4D60073BA02 /* Services */,
				1A5CBFA52C4CDD5A0073BA02 /* Models */,
				1A5CBFA32C4CDCA30073BA02 /* Views */,
				1A5CBF992C4CDC5D0073BA02 /* Assets.xcassets */,
				1A5CBF9B2C4CDC5D0073BA02 /* Preview Content */,
			);
			path = CreditWallet;
			sourceTree = "<group>";
		};
		1A5CBF9B2C4CDC5D0073BA02 /* Preview Content */ = {
			isa = PBXGroup;
			children = (
				1A5CBF9C2C4CDC5D0073BA02 /* Preview Assets.xcassets */,
			);
			path = "Preview Content";
			sourceTree = "<group>";
		};
		1A5CBFA32C4CDCA30073BA02 /* Views */ = {
			isa = PBXGroup;
			children = (
				1A5CBF952C4CDC5C0073BA02 /* ContentView.swift */,
				1A5CBFAF2C4CEF150073BA02 /* MainView.swift */,
				1A5CBFB62C4E879E0073BA02 /* CreditView.swift */,
				1A5CBFB82C4E87B00073BA02 /* CalculateCreditView.swift */,
				1A5CBFC32C50FF5C0073BA02 /* CustomViews */,
			);
			path = Views;
			sourceTree = "<group>";
		};
		1A5CBFA52C4CDD5A0073BA02 /* Models */ = {
			isa = PBXGroup;
			children = (
				1A5CBFA62C4CDD840073BA02 /* Person.swift */,
				1A5CBFA82C4CDD8F0073BA02 /* Credit.swift */,
				1A5CBFBF2C50F81B0073BA02 /* MockData.swift */,
			);
			path = Models;
			sourceTree = "<group>";
		};
		1A5CBFAC2C4CE4D60073BA02 /* Services */ = {
			isa = PBXGroup;
			children = (
				1A5CBFB42C4E86A40073BA02 /* Router.swift */,
			);
			path = Services;
			sourceTree = "<group>";
		};
		1A5CBFB12C4E4E3A0073BA02 /* Extensions */ = {
			isa = PBXGroup;
			children = (
				1A5CBFB22C4E4E490073BA02 /* Font +.swift */,
				1A5CBFBB2C4F92660073BA02 /* View +.swift */,
			);
			path = Extensions;
			sourceTree = "<group>";
		};
		1A5CBFC32C50FF5C0073BA02 /* CustomViews */ = {
			isa = PBXGroup;
			children = (
				1A5CBFBD2C4F942D0073BA02 /* CustomButtonView.swift */,
				1A5CBFC12C50FD160073BA02 /* CustomListView.swift */,
			);
			path = CustomViews;
			sourceTree = "<group>";
		};
/* End PBXGroup section */

/* Begin PBXNativeTarget section */
		1A5CBF8F2C4CDC5C0073BA02 /* CreditWallet */ = {
			isa = PBXNativeTarget;
			buildConfigurationList = 1A5CBFA02C4CDC5D0073BA02 /* Build configuration list for PBXNativeTarget "CreditWallet" */;
			buildPhases = (
				1A5CBF8C2C4CDC5C0073BA02 /* Sources */,
				1A5CBF8D2C4CDC5C0073BA02 /* Frameworks */,
				1A5CBF8E2C4CDC5C0073BA02 /* Resources */,
			);
			buildRules = (
			);
			dependencies = (
			);
			name = CreditWallet;
			productName = CreditWallet;
			productReference = 1A5CBF902C4CDC5C0073BA02 /* CreditWallet.app */;
			productType = "com.apple.product-type.application";
		};
/* End PBXNativeTarget section */

/* Begin PBXProject section */
		1A5CBF882C4CDC5C0073BA02 /* Project object */ = {
			isa = PBXProject;
			attributes = {
				BuildIndependentTargetsInParallel = 1;
				LastSwiftUpdateCheck = 1540;
				LastUpgradeCheck = 1540;
				TargetAttributes = {
					1A5CBF8F2C4CDC5C0073BA02 = {
						CreatedOnToolsVersion = 15.4;
					};
				};
			};
			buildConfigurationList = 1A5CBF8B2C4CDC5C0073BA02 /* Build configuration list for PBXProject "CreditWallet" */;
			compatibilityVersion = "Xcode 14.0";
			developmentRegion = en;
			hasScannedForEncodings = 0;
			knownRegions = (
				en,
				Base,
			);
			mainGroup = 1A5CBF872C4CDC5C0073BA02;
			productRefGroup = 1A5CBF912C4CDC5C0073BA02 /* Products */;
			projectDirPath = "";
			projectRoot = "";
			targets = (
				1A5CBF8F2C4CDC5C0073BA02 /* CreditWallet */,
			);
		};
/* End PBXProject section */

/* Begin PBXResourcesBuildPhase section */
		1A5CBF8E2C4CDC5C0073BA02 /* Resources */ = {
			isa = PBXResourcesBuildPhase;
			buildActionMask = 2147483647;
			files = (
				1A5CBF9D2C4CDC5D0073BA02 /* Preview Assets.xcassets in Resources */,
				1A5CBF9A2C4CDC5D0073BA02 /* Assets.xcassets in Resources */,
			);
			runOnlyForDeploymentPostprocessing = 0;
		};
/* End PBXResourcesBuildPhase section */

/* Begin PBXSourcesBuildPhase section */
		1A5CBF8C2C4CDC5C0073BA02 /* Sources */ = {
			isa = PBXSourcesBuildPhase;
			buildActionMask = 2147483647;
			files = (
				1A5CBFB02C4CEF150073BA02 /* MainView.swift in Sources */,
				1A5CBFB32C4E4E490073BA02 /* Font +.swift in Sources */,
				1A5CBF962C4CDC5C0073BA02 /* ContentView.swift in Sources */,
				1A5CBFC02C50F81B0073BA02 /* MockData.swift in Sources */,
				1A5CBFC22C50FD160073BA02 /* CustomListView.swift in Sources */,
				1A5CBFB72C4E879E0073BA02 /* CreditView.swift in Sources */,
				1A5CBFB52C4E86A40073BA02 /* Router.swift in Sources */,
				1A5CBFA72C4CDD840073BA02 /* Person.swift in Sources */,
				1A5CBFB92C4E87B00073BA02 /* CalculateCreditView.swift in Sources */,
				1A5CBF942C4CDC5C0073BA02 /* CreditWalletApp.swift in Sources */,
				1A5CBFBC2C4F92660073BA02 /* View +.swift in Sources */,
				1A5CBFBE2C4F942D0073BA02 /* CustomButtonView.swift in Sources */,
				1A5CBFA92C4CDD8F0073BA02 /* Credit.swift in Sources */,
			);
			runOnlyForDeploymentPostprocessing = 0;
		};
/* End PBXSourcesBuildPhase section */

/* Begin XCBuildConfiguration section */
		1A5CBF9E2C4CDC5D0073BA02 /* Debug */ = {
			isa = XCBuildConfiguration;
			buildSettings = {
				ALWAYS_SEARCH_USER_PATHS = NO;
				ASSETCATALOG_COMPILER_GENERATE_SWIFT_ASSET_SYMBOL_EXTENSIONS = YES;
				CLANG_ANALYZER_NONNULL = YES;
				CLANG_ANALYZER_NUMBER_OBJECT_CONVERSION = YES_AGGRESSIVE;
				CLANG_CXX_LANGUAGE_STANDARD = "gnu++20";
				CLANG_ENABLE_MODULES = YES;
				CLANG_ENABLE_OBJC_ARC = YES;
				CLANG_ENABLE_OBJC_WEAK = YES;
				CLANG_WARN_BLOCK_CAPTURE_AUTORELEASING = YES;
				CLANG_WARN_BOOL_CONVERSION = YES;
				CLANG_WARN_COMMA = YES;
				CLANG_WARN_CONSTANT_CONVERSION = YES;
				CLANG_WARN_DEPRECATED_OBJC_IMPLEMENTATIONS = YES;
				CLANG_WARN_DIRECT_OBJC_ISA_USAGE = YES_ERROR;
				CLANG_WARN_DOCUMENTATION_COMMENTS = YES;
				CLANG_WARN_EMPTY_BODY = YES;
				CLANG_WARN_ENUM_CONVERSION = YES;
				CLANG_WARN_INFINITE_RECURSION = YES;
				CLANG_WARN_INT_CONVERSION = YES;
				CLANG_WARN_NON_LITERAL_NULL_CONVERSION = YES;
				CLANG_WARN_OBJC_IMPLICIT_RETAIN_SELF = YES;
				CLANG_WARN_OBJC_LITERAL_CONVERSION = YES;
				CLANG_WARN_OBJC_ROOT_CLASS = YES_ERROR;
				CLANG_WARN_QUOTED_INCLUDE_IN_FRAMEWORK_HEADER = YES;
				CLANG_WARN_RANGE_LOOP_ANALYSIS = YES;
				CLANG_WARN_STRICT_PROTOTYPES = YES;
				CLANG_WARN_SUSPICIOUS_MOVE = YES;
				CLANG_WARN_UNGUARDED_AVAILABILITY = YES_AGGRESSIVE;
				CLANG_WARN_UNREACHABLE_CODE = YES;
				CLANG_WARN__DUPLICATE_METHOD_MATCH = YES;
				COPY_PHASE_STRIP = NO;
				DEBUG_INFORMATION_FORMAT = dwarf;
				ENABLE_STRICT_OBJC_MSGSEND = YES;
				ENABLE_TESTABILITY = YES;
				ENABLE_USER_SCRIPT_SANDBOXING = YES;
				GCC_C_LANGUAGE_STANDARD = gnu17;
				GCC_DYNAMIC_NO_PIC = NO;
				GCC_NO_COMMON_BLOCKS = YES;
				GCC_OPTIMIZATION_LEVEL = 0;
				GCC_PREPROCESSOR_DEFINITIONS = (
					"DEBUG=1",
					"$(inherited)",
				);
				GCC_WARN_64_TO_32_BIT_CONVERSION = YES;
				GCC_WARN_ABOUT_RETURN_TYPE = YES_ERROR;
				GCC_WARN_UNDECLARED_SELECTOR = YES;
				GCC_WARN_UNINITIALIZED_AUTOS = YES_AGGRESSIVE;
				GCC_WARN_UNUSED_FUNCTION = YES;
				GCC_WARN_UNUSED_VARIABLE = YES;
				IPHONEOS_DEPLOYMENT_TARGET = 17.5;
				LOCALIZATION_PREFERS_STRING_CATALOGS = YES;
				MTL_ENABLE_DEBUG_INFO = INCLUDE_SOURCE;
				MTL_FAST_MATH = YES;
				ONLY_ACTIVE_ARCH = YES;
				SDKROOT = iphoneos;
				SWIFT_ACTIVE_COMPILATION_CONDITIONS = "DEBUG $(inherited)";
				SWIFT_OPTIMIZATION_LEVEL = "-Onone";
			};
			name = Debug;
		};
		1A5CBF9F2C4CDC5D0073BA02 /* Release */ = {
			isa = XCBuildConfiguration;
			buildSettings = {
				ALWAYS_SEARCH_USER_PATHS = NO;
				ASSETCATALOG_COMPILER_GENERATE_SWIFT_ASSET_SYMBOL_EXTENSIONS = YES;
				CLANG_ANALYZER_NONNULL = YES;
				CLANG_ANALYZER_NUMBER_OBJECT_CONVERSION = YES_AGGRESSIVE;
				CLANG_CXX_LANGUAGE_STANDARD = "gnu++20";
				CLANG_ENABLE_MODULES = YES;
				CLANG_ENABLE_OBJC_ARC = YES;
				CLANG_ENABLE_OBJC_WEAK = YES;
				CLANG_WARN_BLOCK_CAPTURE_AUTORELEASING = YES;
				CLANG_WARN_BOOL_CONVERSION = YES;
				CLANG_WARN_COMMA = YES;
				CLANG_WARN_CONSTANT_CONVERSION = YES;
				CLANG_WARN_DEPRECATED_OBJC_IMPLEMENTATIONS = YES;
				CLANG_WARN_DIRECT_OBJC_ISA_USAGE = YES_ERROR;
				CLANG_WARN_DOCUMENTATION_COMMENTS = YES;
				CLANG_WARN_EMPTY_BODY = YES;
				CLANG_WARN_ENUM_CONVERSION = YES;
				CLANG_WARN_INFINITE_RECURSION = YES;
				CLANG_WARN_INT_CONVERSION = YES;
				CLANG_WARN_NON_LITERAL_NULL_CONVERSION = YES;
				CLANG_WARN_OBJC_IMPLICIT_RETAIN_SELF = YES;
				CLANG_WARN_OBJC_LITERAL_CONVERSION = YES;
				CLANG_WARN_OBJC_ROOT_CLASS = YES_ERROR;
				CLANG_WARN_QUOTED_INCLUDE_IN_FRAMEWORK_HEADER = YES;
				CLANG_WARN_RANGE_LOOP_ANALYSIS = YES;
				CLANG_WARN_STRICT_PROTOTYPES = YES;
				CLANG_WARN_SUSPICIOUS_MOVE = YES;
				CLANG_WARN_UNGUARDED_AVAILABILITY = YES_AGGRESSIVE;
				CLANG_WARN_UNREACHABLE_CODE = YES;
				CLANG_WARN__DUPLICATE_METHOD_MATCH = YES;
				COPY_PHASE_STRIP = NO;
				DEBUG_INFORMATION_FORMAT = "dwarf-with-dsym";
				ENABLE_NS_ASSERTIONS = NO;
				ENABLE_STRICT_OBJC_MSGSEND = YES;
				ENABLE_USER_SCRIPT_SANDBOXING = YES;
				GCC_C_LANGUAGE_STANDARD = gnu17;
				GCC_NO_COMMON_BLOCKS = YES;
				GCC_WARN_64_TO_32_BIT_CONVERSION = YES;
				GCC_WARN_ABOUT_RETURN_TYPE = YES_ERROR;
				GCC_WARN_UNDECLARED_SELECTOR = YES;
				GCC_WARN_UNINITIALIZED_AUTOS = YES_AGGRESSIVE;
				GCC_WARN_UNUSED_FUNCTION = YES;
				GCC_WARN_UNUSED_VARIABLE = YES;
				IPHONEOS_DEPLOYMENT_TARGET = 17.5;
				LOCALIZATION_PREFERS_STRING_CATALOGS = YES;
				MTL_ENABLE_DEBUG_INFO = NO;
				MTL_FAST_MATH = YES;
				SDKROOT = iphoneos;
				SWIFT_COMPILATION_MODE = wholemodule;
				VALIDATE_PRODUCT = YES;
			};
			name = Release;
		};
		1A5CBFA12C4CDC5D0073BA02 /* Debug */ = {
			isa = XCBuildConfiguration;
			buildSettings = {
				ASSETCATALOG_COMPILER_APPICON_NAME = AppIcon;
				ASSETCATALOG_COMPILER_GLOBAL_ACCENT_COLOR_NAME = AccentColor;
				CODE_SIGN_STYLE = Automatic;
				CURRENT_PROJECT_VERSION = 1;
				DEVELOPMENT_ASSET_PATHS = "\"CreditWallet/Preview Content\"";
				DEVELOPMENT_TEAM = CM77TH83HX;
				ENABLE_PREVIEWS = YES;
				GENERATE_INFOPLIST_FILE = YES;
				INFOPLIST_KEY_UIApplicationSceneManifest_Generation = YES;
				INFOPLIST_KEY_UIApplicationSupportsIndirectInputEvents = YES;
				INFOPLIST_KEY_UILaunchScreen_Generation = YES;
				INFOPLIST_KEY_UISupportedInterfaceOrientations = UIInterfaceOrientationPortrait;
				LD_RUNPATH_SEARCH_PATHS = (
					"$(inherited)",
					"@executable_path/Frameworks",
				);
				MARKETING_VERSION = 1.0;
				PRODUCT_BUNDLE_IDENTIFIER = "-.CreditWallet";
				PRODUCT_NAME = "$(TARGET_NAME)";
				SUPPORTED_PLATFORMS = "iphoneos iphonesimulator";
				SUPPORTS_MACCATALYST = NO;
				SUPPORTS_MAC_DESIGNED_FOR_IPHONE_IPAD = NO;
				SUPPORTS_XR_DESIGNED_FOR_IPHONE_IPAD = NO;
				SWIFT_EMIT_LOC_STRINGS = YES;
				SWIFT_VERSION = 5.0;
				TARGETED_DEVICE_FAMILY = 1;
			};
			name = Debug;
		};
		1A5CBFA22C4CDC5D0073BA02 /* Release */ = {
			isa = XCBuildConfiguration;
			buildSettings = {
				ASSETCATALOG_COMPILER_APPICON_NAME = AppIcon;
				ASSETCATALOG_COMPILER_GLOBAL_ACCENT_COLOR_NAME = AccentColor;
				CODE_SIGN_STYLE = Automatic;
				CURRENT_PROJECT_VERSION = 1;
				DEVELOPMENT_ASSET_PATHS = "\"CreditWallet/Preview Content\"";
				DEVELOPMENT_TEAM = CM77TH83HX;
				ENABLE_PREVIEWS = YES;
				GENERATE_INFOPLIST_FILE = YES;
				INFOPLIST_KEY_UIApplicationSceneManifest_Generation = YES;
				INFOPLIST_KEY_UIApplicationSupportsIndirectInputEvents = YES;
				INFOPLIST_KEY_UILaunchScreen_Generation = YES;
				INFOPLIST_KEY_UISupportedInterfaceOrientations = UIInterfaceOrientationPortrait;
				LD_RUNPATH_SEARCH_PATHS = (
					"$(inherited)",
					"@executable_path/Frameworks",
				);
				MARKETING_VERSION = 1.0;
				PRODUCT_BUNDLE_IDENTIFIER = "-.CreditWallet";
				PRODUCT_NAME = "$(TARGET_NAME)";
				SUPPORTED_PLATFORMS = "iphoneos iphonesimulator";
				SUPPORTS_MACCATALYST = NO;
				SUPPORTS_MAC_DESIGNED_FOR_IPHONE_IPAD = NO;
				SUPPORTS_XR_DESIGNED_FOR_IPHONE_IPAD = NO;
				SWIFT_EMIT_LOC_STRINGS = YES;
				SWIFT_VERSION = 5.0;
				TARGETED_DEVICE_FAMILY = 1;
			};
			name = Release;
		};
/* End XCBuildConfiguration section */

/* Begin XCConfigurationList section */
		1A5CBF8B2C4CDC5C0073BA02 /* Build configuration list for PBXProject "CreditWallet" */ = {
			isa = XCConfigurationList;
			buildConfigurations = (
				1A5CBF9E2C4CDC5D0073BA02 /* Debug */,
				1A5CBF9F2C4CDC5D0073BA02 /* Release */,
			);
			defaultConfigurationIsVisible = 0;
			defaultConfigurationName = Release;
		};
		1A5CBFA02C4CDC5D0073BA02 /* Build configuration list for PBXNativeTarget "CreditWallet" */ = {
			isa = XCConfigurationList;
			buildConfigurations = (
				1A5CBFA12C4CDC5D0073BA02 /* Debug */,
				1A5CBFA22C4CDC5D0073BA02 /* Release */,
			);
			defaultConfigurationIsVisible = 0;
			defaultConfigurationName = Release;
		};
/* End XCConfigurationList section */
	};
	rootObject = 1A5CBF882C4CDC5C0073BA02 /* Project object */;
}
